// !$*UTF8*$!
{
	archiveVersion = 1;
	classes = {
	};
	objectVersion = 50;
	objects = {

/* Begin PBXBuildFile section */
		C15D68E321A2F1CB00CE1722 /* ExercisesTableViewController.swift in Sources */ = {isa = PBXBuildFile; fileRef = C15D68E221A2F1CB00CE1722 /* ExercisesTableViewController.swift */; };
		C15D68E621A2F45400CE1722 /* ExerciseTableViewCell.swift in Sources */ = {isa = PBXBuildFile; fileRef = C15D68E521A2F45400CE1722 /* ExerciseTableViewCell.swift */; };
		C1A0FB0721A2F0D8007A30E8 /* AppDelegate.swift in Sources */ = {isa = PBXBuildFile; fileRef = C1A0FB0621A2F0D8007A30E8 /* AppDelegate.swift */; };
		C1A0FB0C21A2F0D8007A30E8 /* Main.storyboard in Resources */ = {isa = PBXBuildFile; fileRef = C1A0FB0A21A2F0D8007A30E8 /* Main.storyboard */; };
		C1A0FB0E21A2F0DA007A30E8 /* Assets.xcassets in Resources */ = {isa = PBXBuildFile; fileRef = C1A0FB0D21A2F0DA007A30E8 /* Assets.xcassets */; };
		C1A0FB1121A2F0DA007A30E8 /* LaunchScreen.storyboard in Resources */ = {isa = PBXBuildFile; fileRef = C1A0FB0F21A2F0DA007A30E8 /* LaunchScreen.storyboard */; };
		C1A0FB1C21A2F0DA007A30E8 /* DailyFitnessTests.swift in Sources */ = {isa = PBXBuildFile; fileRef = C1A0FB1B21A2F0DA007A30E8 /* DailyFitnessTests.swift */; };
		C1A0FB2721A2F0DA007A30E8 /* DailyFitnessUITests.swift in Sources */ = {isa = PBXBuildFile; fileRef = C1A0FB2621A2F0DA007A30E8 /* DailyFitnessUITests.swift */; };
/* End PBXBuildFile section */

/* Begin PBXContainerItemProxy section */
		C1A0FB1821A2F0DA007A30E8 /* PBXContainerItemProxy */ = {
			isa = PBXContainerItemProxy;
			containerPortal = C1A0FAFB21A2F0D8007A30E8 /* Project object */;
			proxyType = 1;
			remoteGlobalIDString = C1A0FB0221A2F0D8007A30E8;
			remoteInfo = DailyFitness;
		};
		C1A0FB2321A2F0DA007A30E8 /* PBXContainerItemProxy */ = {
			isa = PBXContainerItemProxy;
			containerPortal = C1A0FAFB21A2F0D8007A30E8 /* Project object */;
			proxyType = 1;
			remoteGlobalIDString = C1A0FB0221A2F0D8007A30E8;
			remoteInfo = DailyFitness;
		};
/* End PBXContainerItemProxy section */

/* Begin PBXFileReference section */
		C15D68E221A2F1CB00CE1722 /* ExercisesTableViewController.swift */ = {isa = PBXFileReference; lastKnownFileType = sourcecode.swift; path = ExercisesTableViewController.swift; sourceTree = "<group>"; };
		C15D68E521A2F45400CE1722 /* ExerciseTableViewCell.swift */ = {isa = PBXFileReference; lastKnownFileType = sourcecode.swift; path = ExerciseTableViewCell.swift; sourceTree = "<group>"; };
		C1A0FB0321A2F0D8007A30E8 /* DailyFitness.app */ = {isa = PBXFileReference; explicitFileType = wrapper.application; includeInIndex = 0; path = DailyFitness.app; sourceTree = BUILT_PRODUCTS_DIR; };
		C1A0FB0621A2F0D8007A30E8 /* AppDelegate.swift */ = {isa = PBXFileReference; lastKnownFileType = sourcecode.swift; path = AppDelegate.swift; sourceTree = "<group>"; };
		C1A0FB0B21A2F0D8007A30E8 /* Base */ = {isa = PBXFileReference; lastKnownFileType = file.storyboard; name = Base; path = Base.lproj/Main.storyboard; sourceTree = "<group>"; };
		C1A0FB0D21A2F0DA007A30E8 /* Assets.xcassets */ = {isa = PBXFileReference; lastKnownFileType = folder.assetcatalog; path = Assets.xcassets; sourceTree = "<group>"; };
		C1A0FB1021A2F0DA007A30E8 /* Base */ = {isa = PBXFileReference; lastKnownFileType = file.storyboard; name = Base; path = Base.lproj/LaunchScreen.storyboard; sourceTree = "<group>"; };
		C1A0FB1221A2F0DA007A30E8 /* Info.plist */ = {isa = PBXFileReference; lastKnownFileType = text.plist.xml; path = Info.plist; sourceTree = "<group>"; };
		C1A0FB1721A2F0DA007A30E8 /* DailyFitnessTests.xctest */ = {isa = PBXFileReference; explicitFileType = wrapper.cfbundle; includeInIndex = 0; path = DailyFitnessTests.xctest; sourceTree = BUILT_PRODUCTS_DIR; };
		C1A0FB1B21A2F0DA007A30E8 /* DailyFitnessTests.swift */ = {isa = PBXFileReference; lastKnownFileType = sourcecode.swift; path = DailyFitnessTests.swift; sourceTree = "<group>"; };
		C1A0FB1D21A2F0DA007A30E8 /* Info.plist */ = {isa = PBXFileReference; lastKnownFileType = text.plist.xml; path = Info.plist; sourceTree = "<group>"; };
		C1A0FB2221A2F0DA007A30E8 /* DailyFitnessUITests.xctest */ = {isa = PBXFileReference; explicitFileType = wrapper.cfbundle; includeInIndex = 0; path = DailyFitnessUITests.xctest; sourceTree = BUILT_PRODUCTS_DIR; };
		C1A0FB2621A2F0DA007A30E8 /* DailyFitnessUITests.swift */ = {isa = PBXFileReference; lastKnownFileType = sourcecode.swift; path = DailyFitnessUITests.swift; sourceTree = "<group>"; };
		C1A0FB2821A2F0DA007A30E8 /* Info.plist */ = {isa = PBXFileReference; lastKnownFileType = text.plist.xml; path = Info.plist; sourceTree = "<group>"; };
/* End PBXFileReference section */

/* Begin PBXFrameworksBuildPhase section */
		C1A0FB0021A2F0D8007A30E8 /* Frameworks */ = {
			isa = PBXFrameworksBuildPhase;
			buildActionMask = 2147483647;
			files = (
			);
			runOnlyForDeploymentPostprocessing = 0;
		};
		C1A0FB1421A2F0DA007A30E8 /* Frameworks */ = {
			isa = PBXFrameworksBuildPhase;
			buildActionMask = 2147483647;
			files = (
			);
			runOnlyForDeploymentPostprocessing = 0;
		};
		C1A0FB1F21A2F0DA007A30E8 /* Frameworks */ = {
			isa = PBXFrameworksBuildPhase;
			buildActionMask = 2147483647;
			files = (
			);
			runOnlyForDeploymentPostprocessing = 0;
		};
/* End PBXFrameworksBuildPhase section */

/* Begin PBXGroup section */
		C1A0FAFA21A2F0D8007A30E8 = {
			isa = PBXGroup;
			children = (
				C1A0FB0521A2F0D8007A30E8 /* DailyFitness */,
				C1A0FB1A21A2F0DA007A30E8 /* DailyFitnessTests */,
				C1A0FB2521A2F0DA007A30E8 /* DailyFitnessUITests */,
				C1A0FB0421A2F0D8007A30E8 /* Products */,
			);
			sourceTree = "<group>";
		};
		C1A0FB0421A2F0D8007A30E8 /* Products */ = {
			isa = PBXGroup;
			children = (
				C1A0FB0321A2F0D8007A30E8 /* DailyFitness.app */,
				C1A0FB1721A2F0DA007A30E8 /* DailyFitnessTests.xctest */,
				C1A0FB2221A2F0DA007A30E8 /* DailyFitnessUITests.xctest */,
			);
			name = Products;
			sourceTree = "<group>";
		};
		C1A0FB0521A2F0D8007A30E8 /* DailyFitness */ = {
			isa = PBXGroup;
			children = (
				C1A0FB0621A2F0D8007A30E8 /* AppDelegate.swift */,
				C1A0FB0A21A2F0D8007A30E8 /* Main.storyboard */,
				C1A0FB0D21A2F0DA007A30E8 /* Assets.xcassets */,
				C1A0FB0F21A2F0DA007A30E8 /* LaunchScreen.storyboard */,
				C1A0FB1221A2F0DA007A30E8 /* Info.plist */,
				C15D68E221A2F1CB00CE1722 /* ExercisesTableViewController.swift */,
				C15D68E521A2F45400CE1722 /* ExerciseTableViewCell.swift */,
			);
			path = DailyFitness;
			sourceTree = "<group>";
		};
		C1A0FB1A21A2F0DA007A30E8 /* DailyFitnessTests */ = {
			isa = PBXGroup;
			children = (
				C1A0FB1B21A2F0DA007A30E8 /* DailyFitnessTests.swift */,
				C1A0FB1D21A2F0DA007A30E8 /* Info.plist */,
			);
			path = DailyFitnessTests;
			sourceTree = "<group>";
		};
		C1A0FB2521A2F0DA007A30E8 /* DailyFitnessUITests */ = {
			isa = PBXGroup;
			children = (
				C1A0FB2621A2F0DA007A30E8 /* DailyFitnessUITests.swift */,
				C1A0FB2821A2F0DA007A30E8 /* Info.plist */,
			);
			path = DailyFitnessUITests;
			sourceTree = "<group>";
		};
/* End PBXGroup section */

/* Begin PBXNativeTarget section */
		C1A0FB0221A2F0D8007A30E8 /* DailyFitness */ = {
			isa = PBXNativeTarget;
			buildConfigurationList = C1A0FB2B21A2F0DA007A30E8 /* Build configuration list for PBXNativeTarget "DailyFitness" */;
			buildPhases = (
				C1A0FAFF21A2F0D8007A30E8 /* Sources */,
				C1A0FB0021A2F0D8007A30E8 /* Frameworks */,
				C1A0FB0121A2F0D8007A30E8 /* Resources */,
			);
			buildRules = (
			);
			dependencies = (
			);
			name = DailyFitness;
			productName = DailyFitness;
			productReference = C1A0FB0321A2F0D8007A30E8 /* DailyFitness.app */;
			productType = "com.apple.product-type.application";
		};
		C1A0FB1621A2F0DA007A30E8 /* DailyFitnessTests */ = {
			isa = PBXNativeTarget;
			buildConfigurationList = C1A0FB2E21A2F0DA007A30E8 /* Build configuration list for PBXNativeTarget "DailyFitnessTests" */;
			buildPhases = (
				C1A0FB1321A2F0DA007A30E8 /* Sources */,
				C1A0FB1421A2F0DA007A30E8 /* Frameworks */,
				C1A0FB1521A2F0DA007A30E8 /* Resources */,
			);
			buildRules = (
			);
			dependencies = (
				C1A0FB1921A2F0DA007A30E8 /* PBXTargetDependency */,
			);
			name = DailyFitnessTests;
			productName = DailyFitnessTests;
			productReference = C1A0FB1721A2F0DA007A30E8 /* DailyFitnessTests.xctest */;
			productType = "com.apple.product-type.bundle.unit-test";
		};
		C1A0FB2121A2F0DA007A30E8 /* DailyFitnessUITests */ = {
			isa = PBXNativeTarget;
			buildConfigurationList = C1A0FB3121A2F0DA007A30E8 /* Build configuration list for PBXNativeTarget "DailyFitnessUITests" */;
			buildPhases = (
				C1A0FB1E21A2F0DA007A30E8 /* Sources */,
				C1A0FB1F21A2F0DA007A30E8 /* Frameworks */,
				C1A0FB2021A2F0DA007A30E8 /* Resources */,
			);
			buildRules = (
			);
			dependencies = (
				C1A0FB2421A2F0DA007A30E8 /* PBXTargetDependency */,
			);
			name = DailyFitnessUITests;
			productName = DailyFitnessUITests;
			productReference = C1A0FB2221A2F0DA007A30E8 /* DailyFitnessUITests.xctest */;
			productType = "com.apple.product-type.bundle.ui-testing";
		};
/* End PBXNativeTarget section */

/* Begin PBXProject section */
		C1A0FAFB21A2F0D8007A30E8 /* Project object */ = {
			isa = PBXProject;
			attributes = {
				LastSwiftUpdateCheck = 1010;
				LastUpgradeCheck = 1010;
				ORGANIZATIONNAME = "Nataly Tatarintseva";
				TargetAttributes = {
					C1A0FB0221A2F0D8007A30E8 = {
						CreatedOnToolsVersion = 10.1;
					};
					C1A0FB1621A2F0DA007A30E8 = {
						CreatedOnToolsVersion = 10.1;
						TestTargetID = C1A0FB0221A2F0D8007A30E8;
					};
					C1A0FB2121A2F0DA007A30E8 = {
						CreatedOnToolsVersion = 10.1;
						TestTargetID = C1A0FB0221A2F0D8007A30E8;
					};
				};
			};
			buildConfigurationList = C1A0FAFE21A2F0D8007A30E8 /* Build configuration list for PBXProject "DailyFitness" */;
			compatibilityVersion = "Xcode 9.3";
			developmentRegion = en;
			hasScannedForEncodings = 0;
			knownRegions = (
				en,
				Base,
			);
			mainGroup = C1A0FAFA21A2F0D8007A30E8;
			productRefGroup = C1A0FB0421A2F0D8007A30E8 /* Products */;
			projectDirPath = "";
			projectRoot = "";
			targets = (
				C1A0FB0221A2F0D8007A30E8 /* DailyFitness */,
				C1A0FB1621A2F0DA007A30E8 /* DailyFitnessTests */,
				C1A0FB2121A2F0DA007A30E8 /* DailyFitnessUITests */,
			);
		};
/* End PBXProject section */

/* Begin PBXResourcesBuildPhase section */
		C1A0FB0121A2F0D8007A30E8 /* Resources */ = {
			isa = PBXResourcesBuildPhase;
			buildActionMask = 2147483647;
			files = (
				C1A0FB1121A2F0DA007A30E8 /* LaunchScreen.storyboard in Resources */,
				C1A0FB0E21A2F0DA007A30E8 /* Assets.xcassets in Resources */,
				C1A0FB0C21A2F0D8007A30E8 /* Main.storyboard in Resources */,
			);
			runOnlyForDeploymentPostprocessing = 0;
		};
		C1A0FB1521A2F0DA007A30E8 /* Resources */ = {
			isa = PBXResourcesBuildPhase;
			buildActionMask = 2147483647;
			files = (
			);
			runOnlyForDeploymentPostprocessing = 0;
		};
		C1A0FB2021A2F0DA007A30E8 /* Resources */ = {
			isa = PBXResourcesBuildPhase;
			buildActionMask = 2147483647;
			files = (
			);
			runOnlyForDeploymentPostprocessing = 0;
		};
/* End PBXResourcesBuildPhase section */

/* Begin PBXSourcesBuildPhase section */
		C1A0FAFF21A2F0D8007A30E8 /* Sources */ = {
			isa = PBXSourcesBuildPhase;
			buildActionMask = 2147483647;
			files = (
				C15D68E621A2F45400CE1722 /* ExerciseTableViewCell.swift in Sources */,
				C1A0FB0721A2F0D8007A30E8 /* AppDelegate.swift in Sources */,
				C15D68E321A2F1CB00CE1722 /* ExercisesTableViewController.swift in Sources */,
			);
			runOnlyForDeploymentPostprocessing = 0;
		};
		C1A0FB1321A2F0DA007A30E8 /* Sources */ = {
			isa = PBXSourcesBuildPhase;
			buildActionMask = 2147483647;
			files = (
				C1A0FB1C21A2F0DA007A30E8 /* DailyFitnessTests.swift in Sources */,
			);
			runOnlyForDeploymentPostprocessing = 0;
		};
		C1A0FB1E21A2F0DA007A30E8 /* Sources */ = {
			isa = PBXSourcesBuildPhase;
			buildActionMask = 2147483647;
			files = (
				C1A0FB2721A2F0DA007A30E8 /* DailyFitnessUITests.swift in Sources */,
			);
			runOnlyForDeploymentPostprocessing = 0;
		};
/* End PBXSourcesBuildPhase section */

/* Begin PBXTargetDependency section */
		C1A0FB1921A2F0DA007A30E8 /* PBXTargetDependency */ = {
			isa = PBXTargetDependency;
			target = C1A0FB0221A2F0D8007A30E8 /* DailyFitness */;
			targetProxy = C1A0FB1821A2F0DA007A30E8 /* PBXContainerItemProxy */;
		};
		C1A0FB2421A2F0DA007A30E8 /* PBXTargetDependency */ = {
			isa = PBXTargetDependency;
			target = C1A0FB0221A2F0D8007A30E8 /* DailyFitness */;
			targetProxy = C1A0FB2321A2F0DA007A30E8 /* PBXContainerItemProxy */;
		};
/* End PBXTargetDependency section */

/* Begin PBXVariantGroup section */
		C1A0FB0A21A2F0D8007A30E8 /* Main.storyboard */ = {
			isa = PBXVariantGroup;
			children = (
				C1A0FB0B21A2F0D8007A30E8 /* Base */,
			);
			name = Main.storyboard;
			sourceTree = "<group>";
		};
		C1A0FB0F21A2F0DA007A30E8 /* LaunchScreen.storyboard */ = {
			isa = PBXVariantGroup;
			children = (
				C1A0FB1021A2F0DA007A30E8 /* Base */,
			);
			name = LaunchScreen.storyboard;
			sourceTree = "<group>";
		};
/* End PBXVariantGroup section */

/* Begin XCBuildConfiguration section */
		C1A0FB2921A2F0DA007A30E8 /* Debug */ = {
			isa = XCBuildConfiguration;
			buildSettings = {
				ALWAYS_SEARCH_USER_PATHS = NO;
				CLANG_ANALYZER_NONNULL = YES;
				CLANG_ANALYZER_NUMBER_OBJECT_CONVERSION = YES_AGGRESSIVE;
				CLANG_CXX_LANGUAGE_STANDARD = "gnu++14";
				CLANG_CXX_LIBRARY = "libc++";
				CLANG_ENABLE_MODULES = YES;
				CLANG_ENABLE_OBJC_ARC = YES;
				CLANG_ENABLE_OBJC_WEAK = YES;
				CLANG_WARN_BLOCK_CAPTURE_AUTORELEASING = YES;
				CLANG_WARN_BOOL_CONVERSION = YES;
				CLANG_WARN_COMMA = YES;
				CLANG_WARN_CONSTANT_CONVERSION = YES;
				CLANG_WARN_DEPRECATED_OBJC_IMPLEMENTATIONS = YES;
				CLANG_WARN_DIRECT_OBJC_ISA_USAGE = YES_ERROR;
				CLANG_WARN_DOCUMENTATION_COMMENTS = YES;
				CLANG_WARN_EMPTY_BODY = YES;
				CLANG_WARN_ENUM_CONVERSION = YES;
				CLANG_WARN_INFINITE_RECURSION = YES;
				CLANG_WARN_INT_CONVERSION = YES;
				CLANG_WARN_NON_LITERAL_NULL_CONVERSION = YES;
				CLANG_WARN_OBJC_IMPLICIT_RETAIN_SELF = YES;
				CLANG_WARN_OBJC_LITERAL_CONVERSION = YES;
				CLANG_WARN_OBJC_ROOT_CLASS = YES_ERROR;
				CLANG_WARN_RANGE_LOOP_ANALYSIS = YES;
				CLANG_WARN_STRICT_PROTOTYPES = YES;
				CLANG_WARN_SUSPICIOUS_MOVE = YES;
				CLANG_WARN_UNGUARDED_AVAILABILITY = YES_AGGRESSIVE;
				CLANG_WARN_UNREACHABLE_CODE = YES;
				CLANG_WARN__DUPLICATE_METHOD_MATCH = YES;
				CODE_SIGN_IDENTITY = "iPhone Developer";
				COPY_PHASE_STRIP = NO;
				DEBUG_INFORMATION_FORMAT = dwarf;
				ENABLE_STRICT_OBJC_MSGSEND = YES;
				ENABLE_TESTABILITY = YES;
				GCC_C_LANGUAGE_STANDARD = gnu11;
				GCC_DYNAMIC_NO_PIC = NO;
				GCC_NO_COMMON_BLOCKS = YES;
				GCC_OPTIMIZATION_LEVEL = 0;
				GCC_PREPROCESSOR_DEFINITIONS = (
					"DEBUG=1",
					"$(inherited)",
				);
				GCC_WARN_64_TO_32_BIT_CONVERSION = YES;
				GCC_WARN_ABOUT_RETURN_TYPE = YES_ERROR;
				GCC_WARN_UNDECLARED_SELECTOR = YES;
				GCC_WARN_UNINITIALIZED_AUTOS = YES_AGGRESSIVE;
				GCC_WARN_UNUSED_FUNCTION = YES;
				GCC_WARN_UNUSED_VARIABLE = YES;
				IPHONEOS_DEPLOYMENT_TARGET = 12.1;
				MTL_ENABLE_DEBUG_INFO = INCLUDE_SOURCE;
				MTL_FAST_MATH = YES;
				ONLY_ACTIVE_ARCH = YES;
				SDKROOT = iphoneos;
				SWIFT_ACTIVE_COMPILATION_CONDITIONS = DEBUG;
				SWIFT_OPTIMIZATION_LEVEL = "-Onone";
			};
			name = Debug;
		};
		C1A0FB2A21A2F0DA007A30E8 /* Release */ = {
			isa = XCBuildConfiguration;
			buildSettings = {
				ALWAYS_SEARCH_USER_PATHS = NO;
				CLANG_ANALYZER_NONNULL = YES;
				CLANG_ANALYZER_NUMBER_OBJECT_CONVERSION = YES_AGGRESSIVE;
				CLANG_CXX_LANGUAGE_STANDARD = "gnu++14";
				CLANG_CXX_LIBRARY = "libc++";
				CLANG_ENABLE_MODULES = YES;
				CLANG_ENABLE_OBJC_ARC = YES;
				CLANG_ENABLE_OBJC_WEAK = YES;
				CLANG_WARN_BLOCK_CAPTURE_AUTORELEASING = YES;
				CLANG_WARN_BOOL_CONVERSION = YES;
				CLANG_WARN_COMMA = YES;
				CLANG_WARN_CONSTANT_CONVERSION = YES;
				CLANG_WARN_DEPRECATED_OBJC_IMPLEMENTATIONS = YES;
				CLANG_WARN_DIRECT_OBJC_ISA_USAGE = YES_ERROR;
				CLANG_WARN_DOCUMENTATION_COMMENTS = YES;
				CLANG_WARN_EMPTY_BODY = YES;
				CLANG_WARN_ENUM_CONVERSION = YES;
				CLANG_WARN_INFINITE_RECURSION = YES;
				CLANG_WARN_INT_CONVERSION = YES;
				CLANG_WARN_NON_LITERAL_NULL_CONVERSION = YES;
				CLANG_WARN_OBJC_IMPLICIT_RETAIN_SELF = YES;
				CLANG_WARN_OBJC_LITERAL_CONVERSION = YES;
				CLANG_WARN_OBJC_ROOT_CLASS = YES_ERROR;
				CLANG_WARN_RANGE_LOOP_ANALYSIS = YES;
				CLANG_WARN_STRICT_PROTOTYPES = YES;
				CLANG_WARN_SUSPICIOUS_MOVE = YES;
				CLANG_WARN_UNGUARDED_AVAILABILITY = YES_AGGRESSIVE;
				CLANG_WARN_UNREACHABLE_CODE = YES;
				CLANG_WARN__DUPLICATE_METHOD_MATCH = YES;
				CODE_SIGN_IDENTITY = "iPhone Developer";
				COPY_PHASE_STRIP = NO;
				DEBUG_INFORMATION_FORMAT = "dwarf-with-dsym";
				ENABLE_NS_ASSERTIONS = NO;
				ENABLE_STRICT_OBJC_MSGSEND = YES;
				GCC_C_LANGUAGE_STANDARD = gnu11;
				GCC_NO_COMMON_BLOCKS = YES;
				GCC_WARN_64_TO_32_BIT_CONVERSION = YES;
				GCC_WARN_ABOUT_RETURN_TYPE = YES_ERROR;
				GCC_WARN_UNDECLARED_SELECTOR = YES;
				GCC_WARN_UNINITIALIZED_AUTOS = YES_AGGRESSIVE;
				GCC_WARN_UNUSED_FUNCTION = YES;
				GCC_WARN_UNUSED_VARIABLE = YES;
				IPHONEOS_DEPLOYMENT_TARGET = 12.1;
				MTL_ENABLE_DEBUG_INFO = NO;
				MTL_FAST_MATH = YES;
				SDKROOT = iphoneos;
				SWIFT_COMPILATION_MODE = wholemodule;
				SWIFT_OPTIMIZATION_LEVEL = "-O";
				VALIDATE_PRODUCT = YES;
			};
			name = Release;
		};
		C1A0FB2C21A2F0DA007A30E8 /* Debug */ = {
			isa = XCBuildConfiguration;
			buildSettings = {
				ASSETCATALOG_COMPILER_APPICON_NAME = AppIcon;
				CODE_SIGN_STYLE = Automatic;
				INFOPLIST_FILE = DailyFitness/Info.plist;
				LD_RUNPATH_SEARCH_PATHS = (
					"$(inherited)",
					"@executable_path/Frameworks",
				);
				PRODUCT_BUNDLE_IDENTIFIER = com.example.DailyFitness;
				PRODUCT_NAME = "$(TARGET_NAME)";
				SWIFT_VERSION = 4.2;
				TARGETED_DEVICE_FAMILY = "1,2";
			};
			name = Debug;
		};
		C1A0FB2D21A2F0DA007A30E8 /* Release */ = {
			isa = XCBuildConfiguration;
			buildSettings = {
				ASSETCATALOG_COMPILER_APPICON_NAME = AppIcon;
				CODE_SIGN_STYLE = Automatic;
				INFOPLIST_FILE = DailyFitness/Info.plist;
				LD_RUNPATH_SEARCH_PATHS = (
					"$(inherited)",
					"@executable_path/Frameworks",
				);
				PRODUCT_BUNDLE_IDENTIFIER = com.example.DailyFitness;
				PRODUCT_NAME = "$(TARGET_NAME)";
				SWIFT_VERSION = 4.2;
				TARGETED_DEVICE_FAMILY = "1,2";
			};
			name = Release;
		};
		C1A0FB2F21A2F0DA007A30E8 /* Debug */ = {
			isa = XCBuildConfiguration;
			buildSettings = {
				ALWAYS_EMBED_SWIFT_STANDARD_LIBRARIES = YES;
				BUNDLE_LOADER = "$(TEST_HOST)";
				CODE_SIGN_STYLE = Automatic;
				INFOPLIST_FILE = DailyFitnessTests/Info.plist;
				LD_RUNPATH_SEARCH_PATHS = (
					"$(inherited)",
					"@executable_path/Frameworks",
					"@loader_path/Frameworks",
				);
				PRODUCT_BUNDLE_IDENTIFIER = com.example.DailyFitnessTests;
				PRODUCT_NAME = "$(TARGET_NAME)";
				SWIFT_VERSION = 4.2;
				TARGETED_DEVICE_FAMILY = "1,2";
				TEST_HOST = "$(BUILT_PRODUCTS_DIR)/DailyFitness.app/DailyFitness";
			};
			name = Debug;
		};
		C1A0FB3021A2F0DA007A30E8 /* Release */ = {
			isa = XCBuildConfiguration;
			buildSettings = {
				ALWAYS_EMBED_SWIFT_STANDARD_LIBRARIES = YES;
				BUNDLE_LOADER = "$(TEST_HOST)";
				CODE_SIGN_STYLE = Automatic;
				INFOPLIST_FILE = DailyFitnessTests/Info.plist;
				LD_RUNPATH_SEARCH_PATHS = (
					"$(inherited)",
					"@executable_path/Frameworks",
					"@loader_path/Frameworks",
				);
				PRODUCT_BUNDLE_IDENTIFIER = com.example.DailyFitnessTests;
				PRODUCT_NAME = "$(TARGET_NAME)";
				SWIFT_VERSION = 4.2;
				TARGETED_DEVICE_FAMILY = "1,2";
				TEST_HOST = "$(BUILT_PRODUCTS_DIR)/DailyFitness.app/DailyFitness";
			};
			name = Release;
		};
		C1A0FB3221A2F0DA007A30E8 /* Debug */ = {
			isa = XCBuildConfiguration;
			buildSettings = {
				ALWAYS_EMBED_SWIFT_STANDARD_LIBRARIES = YES;
				CODE_SIGN_STYLE = Automatic;
				INFOPLIST_FILE = DailyFitnessUITests/Info.plist;
				LD_RUNPATH_SEARCH_PATHS = (
					"$(inherited)",
					"@executable_path/Frameworks",
					"@loader_path/Frameworks",
				);
				PRODUCT_BUNDLE_IDENTIFIER = com.example.DailyFitnessUITests;
				PRODUCT_NAME = "$(TARGET_NAME)";
				SWIFT_VERSION = 4.2;
				TARGETED_DEVICE_FAMILY = "1,2";
				TEST_TARGET_NAME = DailyFitness;
			};
			name = Debug;
		};
		C1A0FB3321A2F0DA007A30E8 /* Release */ = {
			isa = XCBuildConfiguration;
			buildSettings = {
				ALWAYS_EMBED_SWIFT_STANDARD_LIBRARIES = YES;
				CODE_SIGN_STYLE = Automatic;
				INFOPLIST_FILE = DailyFitnessUITests/Info.plist;
				LD_RUNPATH_SEARCH_PATHS = (
					"$(inherited)",
					"@executable_path/Frameworks",
					"@loader_path/Frameworks",
				);
				PRODUCT_BUNDLE_IDENTIFIER = com.example.DailyFitnessUITests;
				PRODUCT_NAME = "$(TARGET_NAME)";
				SWIFT_VERSION = 4.2;
				TARGETED_DEVICE_FAMILY = "1,2";
				TEST_TARGET_NAME = DailyFitness;
			};
			name = Release;
		};
/* End XCBuildConfiguration section */

/* Begin XCConfigurationList section */
		C1A0FAFE21A2F0D8007A30E8 /* Build configuration list for PBXProject "DailyFitness" */ = {
			isa = XCConfigurationList;
			buildConfigurations = (
				C1A0FB2921A2F0DA007A30E8 /* Debug */,
				C1A0FB2A21A2F0DA007A30E8 /* Release */,
			);
			defaultConfigurationIsVisible = 0;
			defaultConfigurationName = Release;
		};
		C1A0FB2B21A2F0DA007A30E8 /* Build configuration list for PBXNativeTarget "DailyFitness" */ = {
			isa = XCConfigurationList;
			buildConfigurations = (
				C1A0FB2C21A2F0DA007A30E8 /* Debug */,
				C1A0FB2D21A2F0DA007A30E8 /* Release */,
			);
			defaultConfigurationIsVisible = 0;
			defaultConfigurationName = Release;
		};
		C1A0FB2E21A2F0DA007A30E8 /* Build configuration list for PBXNativeTarget "DailyFitnessTests" */ = {
			isa = XCConfigurationList;
			buildConfigurations = (
				C1A0FB2F21A2F0DA007A30E8 /* Debug */,
				C1A0FB3021A2F0DA007A30E8 /* Release */,
			);
			defaultConfigurationIsVisible = 0;
			defaultConfigurationName = Release;
		};
		C1A0FB3121A2F0DA007A30E8 /* Build configuration list for PBXNativeTarget "DailyFitnessUITests" */ = {
			isa = XCConfigurationList;
			buildConfigurations = (
				C1A0FB3221A2F0DA007A30E8 /* Debug */,
				C1A0FB3321A2F0DA007A30E8 /* Release */,
			);
			defaultConfigurationIsVisible = 0;
			defaultConfigurationName = Release;
		};
/* End XCConfigurationList section */
	};
	rootObject = C1A0FAFB21A2F0D8007A30E8 /* Project object */;
}
